# Generated for the supported Python 3.11 Ubuntu/Windows matrix and CPython 3.13 Ubuntu/Windows.
# Keep this file hash-pinned. Update it together with requirements.txt and the SBOM.
--require-hashes
PyYAML==6.0.3 \
    --hash=sha256:b8bb0864c5a28024fac8a632c443c87c5aa6f215c0b126c449ae1a150412f31d \
    --hash=sha256:9f3bfb4965eb874431221a3ff3fdcddc7e74e3b07799e0e84ca4a0f867d449bf \
    --hash=sha256:79005a0d97d5ddabfeeea4cf676af11e647e41d81c9a7722a193022accdb6b7c \
    --hash=sha256:d76623373421df22fb4cf8817020cbb7ef15c725b9d5e45f17e189bfc384190f
attrs==25.3.0 \
    --hash=sha256:427318ce031701fea540783410126f03899a97ffc6f61596ad581ac2e40e3bc3
jsonschema==4.25.0 \
    --hash=sha256:24c2e8da302de79c8b9382fee3e76b355e44d2a4364bb207159ce10b517bd716
jsonschema-specifications==2025.4.1 \
    --hash=sha256:4653bffbd6584f7de83a67e0d620ef16900b390ddc7939d56684d6c81e33f1af
referencing==0.36.2 \
    --hash=sha256:e8699adbbf8b5c7de96d8ffa0eb5c158b3beafce084968e2ea8bb08c6794dcd0
rpds-py==0.26.0 \
    --hash=sha256:5e09330b21d98adc8ccb2dbb9fc6cb434e8908d4c119aeaa772cb1caab5440a0 \
    --hash=sha256:d80bf832ac7b1920ee29a426cdca335f96a2b5caa839811803e999b41ba9030d \
    --hash=sha256:87a5531de9f71aceb8af041d72fc4cab4943648d91875ed56d2e629bef6d4c03 \
    --hash=sha256:696764a5be111b036256c0b18cd29783fab22154690fc698062fc1b0084b511d \
    --hash=sha256:2c03c9b0c64afd0320ae57de4c982801271c0c211aa2d37f3003ff5feb75bb04 \
    --hash=sha256:0a0b60701f2300c81b2ac88a5fb893ccfa408e1c4a555a77f908a2596eb875a5 \
    --hash=sha256:1e6c15d2080a63aaed876e228efe4f814bc7889c63b1e112ad46fdc8b368b9e1
typing-extensions==4.16.0 \
    --hash=sha256:481caa481374e813c1b176ada14e97f1f67a4539ce9cfeb3f350d78d6370c2e8 \
    --hash=sha256:dc983d19a509c94dba722ee6abd33940f7c05a89e243c47e907eb4db6f1a43e5
